
Microsoft Visual Studio Solution File, Format Version 12.00
# Visual Studio Version 16
VisualStudioVersion = 16.0.29613.14
MinimumVisualStudioVersion = 10.0.40219.1
Project("{9A19103F-16F7-4668-BE54-9A1E7A4F7556}") = "wpf_basics", "wpf_basics\wpf_basics.csproj", "{C430DF02-7A2F-453B-9D7E-D7CAAC58ED46}"
EndProject
Project("{9A19103F-16F7-4668-BE54-9A1E7A4F7556}") = "wpf_treeviews_and_converters", "wpf_treeviews_and_converters\wpf_treeviews_and_converters.csproj", "{585F4F73-FB8F-4044-982C-0A45BAEAFDC6}"
EndProject
Project("{9A19103F-16F7-4668-BE54-9A1E7A4F7556}") = "wpf_mvvm_basics", "wpf_mvvm_basics\wpf_mvvm_basics.csproj", "{7E0988A6-94AB-4F49-9C8F-662B15CA37C1}"
EndProject
Project("{9A19103F-16F7-4668-BE54-9A1E7A4F7556}") = "rappel_OOP", "wpf_rappel_OOP\rappel_OOP.csproj", "{B98326D7-5CD5-4325-B12F-221324C07246}"
EndProject
Project("{9A19103F-16F7-4668-BE54-9A1E7A4F7556}") = "rappel_polymorphism", "wpf_rappel_polymorphism\rappel_polymorphism.csproj", "{27F0AAEC-ED08-4CBC-8510-8367A90CBF1E}"
EndProject
Project("{9A19103F-16F7-4668-BE54-9A1E7A4F7556}") = "rappel_interface", "rappel_interface\rappel_interface.csproj", "{C5F42540-462C-4625-9E51-758E4A2B783F}"
EndProject
Project("{9A19103F-16F7-4668-BE54-9A1E7A4F7556}") = "rappel_heritage", "rappel_heritage\rappel_heritage.csproj", "{9F3EF617-1DC2-4309-A166-5669A1031CCE}"
EndProject
Project("{FAE04EC0-301F-11D3-BF4B-00C04F79EFBC}") = "rappel_members", "rappel_members\rappel_members.csproj", "{DDEB0E20-36D9-4AD0-84F9-13D69887337B}"
EndProject
Project("{2150E333-8FDC-42A3-9474-1A3956D46DE8}") = "Solution Items", "Solution Items", "{3F8A2CD7-A26D-43E2-BC0F-769F228C24D7}"
	ProjectSection(SolutionItems) = preProject
		.editorconfig = .editorconfig
	EndProjectSection
EndProject
Global
	GlobalSection(SolutionConfigurationPlatforms) = preSolution
		Debug|Any CPU = Debug|Any CPU
		Release|Any CPU = Release|Any CPU
		Description = Source : https://www.youtube.com/playlist?list=PLrW43fNmjaQVYF4zgsD0oL9Iv6u23PI6M
	EndGlobalSection
	GlobalSection(ProjectConfigurationPlatforms) = postSolution
		{C430DF02-7A2F-453B-9D7E-D7CAAC58ED46}.Debug|Any CPU.ActiveCfg = Debug|Any CPU
		{C430DF02-7A2F-453B-9D7E-D7CAAC58ED46}.Debug|Any CPU.Build.0 = Debug|Any CPU
		{C430DF02-7A2F-453B-9D7E-D7CAAC58ED46}.Release|Any CPU.ActiveCfg = Release|Any CPU
		{C430DF02-7A2F-453B-9D7E-D7CAAC58ED46}.Release|Any CPU.Build.0 = Release|Any CPU
		{585F4F73-FB8F-4044-982C-0A45BAEAFDC6}.Debug|Any CPU.ActiveCfg = Debug|Any CPU
		{585F4F73-FB8F-4044-982C-0A45BAEAFDC6}.Debug|Any CPU.Build.0 = Debug|Any CPU
		{585F4F73-FB8F-4044-982C-0A45BAEAFDC6}.Release|Any CPU.ActiveCfg = Release|Any CPU
		{585F4F73-FB8F-4044-982C-0A45BAEAFDC6}.Release|Any CPU.Build.0 = Release|Any CPU
		{7E0988A6-94AB-4F49-9C8F-662B15CA37C1}.Debug|Any CPU.ActiveCfg = Debug|Any CPU
		{7E0988A6-94AB-4F49-9C8F-662B15CA37C1}.Debug|Any CPU.Build.0 = Debug|Any CPU
		{7E0988A6-94AB-4F49-9C8F-662B15CA37C1}.Release|Any CPU.ActiveCfg = Release|Any CPU
		{7E0988A6-94AB-4F49-9C8F-662B15CA37C1}.Release|Any CPU.Build.0 = Release|Any CPU
		{B98326D7-5CD5-4325-B12F-221324C07246}.Debug|Any CPU.ActiveCfg = Debug|Any CPU
		{B98326D7-5CD5-4325-B12F-221324C07246}.Debug|Any CPU.Build.0 = Debug|Any CPU
		{B98326D7-5CD5-4325-B12F-221324C07246}.Release|Any CPU.ActiveCfg = Release|Any CPU
		{B98326D7-5CD5-4325-B12F-221324C07246}.Release|Any CPU.Build.0 = Release|Any CPU
		{27F0AAEC-ED08-4CBC-8510-8367A90CBF1E}.Debug|Any CPU.ActiveCfg = Debug|Any CPU
		{27F0AAEC-ED08-4CBC-8510-8367A90CBF1E}.Debug|Any CPU.Build.0 = Debug|Any CPU
		{27F0AAEC-ED08-4CBC-8510-8367A90CBF1E}.Release|Any CPU.ActiveCfg = Release|Any CPU
		{27F0AAEC-ED08-4CBC-8510-8367A90CBF1E}.Release|Any CPU.Build.0 = Release|Any CPU
		{C5F42540-462C-4625-9E51-758E4A2B783F}.Debug|Any CPU.ActiveCfg = Debug|Any CPU
		{C5F42540-462C-4625-9E51-758E4A2B783F}.Debug|Any CPU.Build.0 = Debug|Any CPU
		{C5F42540-462C-4625-9E51-758E4A2B783F}.Release|Any CPU.ActiveCfg = Release|Any CPU
		{C5F42540-462C-4625-9E51-758E4A2B783F}.Release|Any CPU.Build.0 = Release|Any CPU
		{9F3EF617-1DC2-4309-A166-5669A1031CCE}.Debug|Any CPU.ActiveCfg = Debug|Any CPU
		{9F3EF617-1DC2-4309-A166-5669A1031CCE}.Debug|Any CPU.Build.0 = Debug|Any CPU
		{9F3EF617-1DC2-4309-A166-5669A1031CCE}.Release|Any CPU.ActiveCfg = Release|Any CPU
		{9F3EF617-1DC2-4309-A166-5669A1031CCE}.Release|Any CPU.Build.0 = Release|Any CPU
		{DDEB0E20-36D9-4AD0-84F9-13D69887337B}.Debug|Any CPU.ActiveCfg = Debug|Any CPU
		{DDEB0E20-36D9-4AD0-84F9-13D69887337B}.Debug|Any CPU.Build.0 = Debug|Any CPU
		{DDEB0E20-36D9-4AD0-84F9-13D69887337B}.Release|Any CPU.ActiveCfg = Release|Any CPU
		{DDEB0E20-36D9-4AD0-84F9-13D69887337B}.Release|Any CPU.Build.0 = Release|Any CPU
	EndGlobalSection
	GlobalSection(SolutionProperties) = preSolution
		HideSolutionNode = FALSE
	EndGlobalSection
	GlobalSection(ExtensibilityGlobals) = postSolution
		SolutionGuid = {C8FA58C6-6AE6-4561-B16B-16DF9E3F3B18}
	EndGlobalSection
EndGlobal
